
Microsoft Visual Studio Solution File, Format Version 12.00
# Visual Studio Version 16
VisualStudioVersion = 16.0.28621.142
MinimumVisualStudioVersion = 10.0.40219.1
Project("{FAE04EC0-301F-11D3-BF4B-00C04F79EFBC}") = "ganntproj1", "ganntproj1\ganntproj1.csproj", "{865A32F7-A3F7-4C64-9F3B-BB7B7C5A2454}"
EndProject
Project("{2150E333-8FDC-42A3-9474-1A3956D46DE8}") = "Ganttproj", "Ganttproj", "{C81B4095-8A4A-469F-A93E-A02DC4A212B8}"
EndProject
Global
	GlobalSection(SolutionConfigurationPlatforms) = preSolution
		Debug|Any CPU = Debug|Any CPU
		Debug|x64 = Debug|x64
		Release|Any CPU = Release|Any CPU
		Release|x64 = Release|x64
	EndGlobalSection
	GlobalSection(ProjectConfigurationPlatforms) = postSolution
		{865A32F7-A3F7-4C64-9F3B-BB7B7C5A2454}.Debug|Any CPU.ActiveCfg = Debug|Any CPU
		{865A32F7-A3F7-4C64-9F3B-BB7B7C5A2454}.Debug|Any CPU.Build.0 = Debug|Any CPU
		{865A32F7-A3F7-4C64-9F3B-BB7B7C5A2454}.Debug|x64.ActiveCfg = Debug|x64
		{865A32F7-A3F7-4C64-9F3B-BB7B7C5A2454}.Debug|x64.Build.0 = Debug|x64
		{865A32F7-A3F7-4C64-9F3B-BB7B7C5A2454}.Release|Any CPU.ActiveCfg = Release|Any CPU
		{865A32F7-A3F7-4C64-9F3B-BB7B7C5A2454}.Release|Any CPU.Build.0 = Release|Any CPU
		{865A32F7-A3F7-4C64-9F3B-BB7B7C5A2454}.Release|x64.ActiveCfg = Release|x64
		{865A32F7-A3F7-4C64-9F3B-BB7B7C5A2454}.Release|x64.Build.0 = Release|x64
	EndGlobalSection
	GlobalSection(SolutionProperties) = preSolution
		HideSolutionNode = FALSE
	EndGlobalSection
	GlobalSection(NestedProjects) = preSolution
		{865A32F7-A3F7-4C64-9F3B-BB7B7C5A2454} = {C81B4095-8A4A-469F-A93E-A02DC4A212B8}
	EndGlobalSection
	GlobalSection(ExtensibilityGlobals) = postSolution
		SolutionGuid = {97BF5EDB-702B-4868-A051-B1ACD8164831}
	EndGlobalSection
EndGlobal
